
Microsoft Visual Studio Solution File, Format Version 12.00
# Visual Studio Version 17
VisualStudioVersion = 17.10.35013.160
MinimumVisualStudioVersion = 10.0.40219.1
Project("{9A19103F-16F7-4668-BE54-9A1E7A4F7556}") = "Portfolio.Functions", "Portfolio.Functions\Portfolio.Functions.csproj", "{036FD782-7765-4153-B1DD-1942ECE9E386}"
EndProject
Project("{FAE04EC0-301F-11D3-BF4B-00C04F79EFBC}") = "Portfolio.Models", "Portfolio.Models\Portfolio.Models.csproj", "{575D36BF-E68B-4161-9195-6EF4AF8946F1}"
EndProject
Project("{FAE04EC0-301F-11D3-BF4B-00C04F79EFBC}") = "Portfolio.Repository", "Portfolio.Repository\Portfolio.Repository.csproj", "{4158632E-1467-430D-9D8D-2BC66C3E3865}"
EndProject
Project("{FAE04EC0-301F-11D3-BF4B-00C04F79EFBC}") = "Portfolio.Data", "Portfolio.Data\Portfolio.Data.csproj", "{3AA5C457-15E3-4C3C-8321-BCFAD6569B74}"
EndProject
Global
	GlobalSection(SolutionConfigurationPlatforms) = preSolution
		Debug|Any CPU = Debug|Any CPU
		Release|Any CPU = Release|Any CPU
	EndGlobalSection
	GlobalSection(ProjectConfigurationPlatforms) = postSolution
		{036FD782-7765-4153-B1DD-1942ECE9E386}.Debug|Any CPU.ActiveCfg = Debug|Any CPU
		{036FD782-7765-4153-B1DD-1942ECE9E386}.Debug|Any CPU.Build.0 = Debug|Any CPU
		{036FD782-7765-4153-B1DD-1942ECE9E386}.Release|Any CPU.ActiveCfg = Release|Any CPU
		{036FD782-7765-4153-B1DD-1942ECE9E386}.Release|Any CPU.Build.0 = Release|Any CPU
		{575D36BF-E68B-4161-9195-6EF4AF8946F1}.Debug|Any CPU.ActiveCfg = Debug|Any CPU
		{575D36BF-E68B-4161-9195-6EF4AF8946F1}.Debug|Any CPU.Build.0 = Debug|Any CPU
		{575D36BF-E68B-4161-9195-6EF4AF8946F1}.Release|Any CPU.ActiveCfg = Release|Any CPU
		{575D36BF-E68B-4161-9195-6EF4AF8946F1}.Release|Any CPU.Build.0 = Release|Any CPU
		{4158632E-1467-430D-9D8D-2BC66C3E3865}.Debug|Any CPU.ActiveCfg = Debug|Any CPU
		{4158632E-1467-430D-9D8D-2BC66C3E3865}.Debug|Any CPU.Build.0 = Debug|Any CPU
		{4158632E-1467-430D-9D8D-2BC66C3E3865}.Release|Any CPU.ActiveCfg = Release|Any CPU
		{4158632E-1467-430D-9D8D-2BC66C3E3865}.Release|Any CPU.Build.0 = Release|Any CPU
		{3AA5C457-15E3-4C3C-8321-BCFAD6569B74}.Debug|Any CPU.ActiveCfg = Debug|Any CPU
		{3AA5C457-15E3-4C3C-8321-BCFAD6569B74}.Debug|Any CPU.Build.0 = Debug|Any CPU
		{3AA5C457-15E3-4C3C-8321-BCFAD6569B74}.Release|Any CPU.ActiveCfg = Release|Any CPU
		{3AA5C457-15E3-4C3C-8321-BCFAD6569B74}.Release|Any CPU.Build.0 = Release|Any CPU
	EndGlobalSection
	GlobalSection(SolutionProperties) = preSolution
		HideSolutionNode = FALSE
	EndGlobalSection
	GlobalSection(ExtensibilityGlobals) = postSolution
		SolutionGuid = {ECBB7B31-8316-490E-A90D-4EF2202276AC}
	EndGlobalSection
EndGlobal
